
Microsoft Visual Studio Solution File, Format Version 12.00
# Visual Studio 15
VisualStudioVersion = 15.0.28307.329
MinimumVisualStudioVersion = 10.0.40219.1
Project("{FAE04EC0-301F-11D3-BF4B-00C04F79EFBC}") = "ConsoleClient", "ConsoleClient\ConsoleClient.csproj", "{A7BE7923-BBE5-44AB-8D7A-914B8A5B27D4}"
EndProject
Global
	GlobalSection(SolutionConfigurationPlatforms) = preSolution
		Debug|Any CPU = Debug|Any CPU
		Release|Any CPU = Release|Any CPU
	EndGlobalSection
	GlobalSection(ProjectConfigurationPlatforms) = postSolution
		{A7BE7923-BBE5-44AB-8D7A-914B8A5B27D4}.Debug|Any CPU.ActiveCfg = Debug|Any CPU
		{A7BE7923-BBE5-44AB-8D7A-914B8A5B27D4}.Debug|Any CPU.Build.0 = Debug|Any CPU
		{A7BE7923-BBE5-44AB-8D7A-914B8A5B27D4}.Release|Any CPU.ActiveCfg = Release|Any CPU
		{A7BE7923-BBE5-44AB-8D7A-914B8A5B27D4}.Release|Any CPU.Build.0 = Release|Any CPU
	EndGlobalSection
	GlobalSection(SolutionProperties) = preSolution
		HideSolutionNode = FALSE
	EndGlobalSection
	GlobalSection(ExtensibilityGlobals) = postSolution
		SolutionGuid = {356E842C-50CF-43F6-B031-1C8BC989AC2D}
	EndGlobalSection
EndGlobal
