
Microsoft Visual Studio Solution File, Format Version 12.00
# Visual Studio 15
VisualStudioVersion = 15.0.28307.421
MinimumVisualStudioVersion = 10.0.40219.1
Project("{FAE04EC0-301F-11D3-BF4B-00C04F79EFBC}") = "HybridClient", "HybridClient\HybridClient.csproj", "{ADEFE2C9-E09C-4662-A85F-CFDBDA9DD93A}"
EndProject
Global
	GlobalSection(SolutionConfigurationPlatforms) = preSolution
		Debug|Any CPU = Debug|Any CPU
		Release|Any CPU = Release|Any CPU
	EndGlobalSection
	GlobalSection(ProjectConfigurationPlatforms) = postSolution
		{ADEFE2C9-E09C-4662-A85F-CFDBDA9DD93A}.Debug|Any CPU.ActiveCfg = Debug|Any CPU
		{ADEFE2C9-E09C-4662-A85F-CFDBDA9DD93A}.Debug|Any CPU.Build.0 = Debug|Any CPU
		{ADEFE2C9-E09C-4662-A85F-CFDBDA9DD93A}.Release|Any CPU.ActiveCfg = Release|Any CPU
		{ADEFE2C9-E09C-4662-A85F-CFDBDA9DD93A}.Release|Any CPU.Build.0 = Release|Any CPU
	EndGlobalSection
	GlobalSection(SolutionProperties) = preSolution
		HideSolutionNode = FALSE
	EndGlobalSection
	GlobalSection(ExtensibilityGlobals) = postSolution
		SolutionGuid = {434047AF-1B7A-4BBD-9638-9C5AD7EFBC73}
	EndGlobalSection
EndGlobal
