
Microsoft Visual Studio Solution File, Format Version 12.00
# Visual Studio 15
VisualStudioVersion = 15.0.28307.329
MinimumVisualStudioVersion = 10.0.40219.1
Project("{9A19103F-16F7-4668-BE54-9A1E7A4F7556}") = "Api1Resource", "Api1Resource.csproj", "{93B1F4AD-7BC2-436C-9953-BC10CCED2D27}"
EndProject
Global
	GlobalSection(SolutionConfigurationPlatforms) = preSolution
		Debug|Any CPU = Debug|Any CPU
		Release|Any CPU = Release|Any CPU
	EndGlobalSection
	GlobalSection(ProjectConfigurationPlatforms) = postSolution
		{93B1F4AD-7BC2-436C-9953-BC10CCED2D27}.Debug|Any CPU.ActiveCfg = Debug|Any CPU
		{93B1F4AD-7BC2-436C-9953-BC10CCED2D27}.Debug|Any CPU.Build.0 = Debug|Any CPU
		{93B1F4AD-7BC2-436C-9953-BC10CCED2D27}.Release|Any CPU.ActiveCfg = Release|Any CPU
		{93B1F4AD-7BC2-436C-9953-BC10CCED2D27}.Release|Any CPU.Build.0 = Release|Any CPU
	EndGlobalSection
	GlobalSection(SolutionProperties) = preSolution
		HideSolutionNode = FALSE
	EndGlobalSection
	GlobalSection(ExtensibilityGlobals) = postSolution
		SolutionGuid = {900F9411-FB17-4DC7-B85F-4388A5385D62}
	EndGlobalSection
EndGlobal
