
Microsoft Visual Studio Solution File, Format Version 12.00
# Visual Studio 15
VisualStudioVersion = 15.0.28307.329
MinimumVisualStudioVersion = 10.0.40219.1
Project("{9A19103F-16F7-4668-BE54-9A1E7A4F7556}") = "Idp", "Idp.csproj", "{82CA0D8E-2422-49D2-BB1B-5FECCD2AF79C}"
EndProject
Global
	GlobalSection(SolutionConfigurationPlatforms) = preSolution
		Debug|Any CPU = Debug|Any CPU
		Release|Any CPU = Release|Any CPU
	EndGlobalSection
	GlobalSection(ProjectConfigurationPlatforms) = postSolution
		{82CA0D8E-2422-49D2-BB1B-5FECCD2AF79C}.Debug|Any CPU.ActiveCfg = Debug|Any CPU
		{82CA0D8E-2422-49D2-BB1B-5FECCD2AF79C}.Debug|Any CPU.Build.0 = Debug|Any CPU
		{82CA0D8E-2422-49D2-BB1B-5FECCD2AF79C}.Release|Any CPU.ActiveCfg = Release|Any CPU
		{82CA0D8E-2422-49D2-BB1B-5FECCD2AF79C}.Release|Any CPU.Build.0 = Release|Any CPU
	EndGlobalSection
	GlobalSection(SolutionProperties) = preSolution
		HideSolutionNode = FALSE
	EndGlobalSection
	GlobalSection(ExtensibilityGlobals) = postSolution
		SolutionGuid = {C0C4BF04-5EFF-4D5D-BEA0-EAA21BD6E79C}
	EndGlobalSection
EndGlobal
